
Microsoft Visual Studio Solution File, Format Version 12.00
# Visual Studio Version 17
VisualStudioVersion = 17.3.32922.545
MinimumVisualStudioVersion = 10.0.40219.1
Project("{FAE04EC0-301F-11D3-BF4B-00C04F79EFBC}") = "Git.CICD.Workflow", "Git.CICD.Workflow.csproj", "{FE85DC3D-6EF2-4E19-AEC2-8A1519F0F07D}"
EndProject
Global
	GlobalSection(SolutionConfigurationPlatforms) = preSolution
		Debug|Any CPU = Debug|Any CPU
		Release|Any CPU = Release|Any CPU
	EndGlobalSection
	GlobalSection(ProjectConfigurationPlatforms) = postSolution
		{FE85DC3D-6EF2-4E19-AEC2-8A1519F0F07D}.Debug|Any CPU.ActiveCfg = Debug|Any CPU
		{FE85DC3D-6EF2-4E19-AEC2-8A1519F0F07D}.Debug|Any CPU.Build.0 = Debug|Any CPU
		{FE85DC3D-6EF2-4E19-AEC2-8A1519F0F07D}.Release|Any CPU.ActiveCfg = Release|Any CPU
		{FE85DC3D-6EF2-4E19-AEC2-8A1519F0F07D}.Release|Any CPU.Build.0 = Release|Any CPU
	EndGlobalSection
	GlobalSection(SolutionProperties) = preSolution
		HideSolutionNode = FALSE
	EndGlobalSection
	GlobalSection(ExtensibilityGlobals) = postSolution
		SolutionGuid = {F3D41AE0-B9F4-43C2-968B-2D27DF8BB956}
	EndGlobalSection
EndGlobal
